
Microsoft Visual Studio Solution File, Format Version 12.00
# Visual Studio 14
VisualStudioVersion = 14.0.24720.0
MinimumVisualStudioVersion = 10.0.40219.1
Project("{FAE04EC0-301F-11D3-BF4B-00C04F79EFBC}") = "FibonacciFun", "FibonacciFun\FibonacciFun.csproj", "{DD0F4702-EA6B-4E35-AC0A-16FE6E5A4D36}"
EndProject
Global
	GlobalSection(SolutionConfigurationPlatforms) = preSolution
		Debug|Any CPU = Debug|Any CPU
		Release|Any CPU = Release|Any CPU
	EndGlobalSection
	GlobalSection(ProjectConfigurationPlatforms) = postSolution
		{DD0F4702-EA6B-4E35-AC0A-16FE6E5A4D36}.Debug|Any CPU.ActiveCfg = Debug|Any CPU
		{DD0F4702-EA6B-4E35-AC0A-16FE6E5A4D36}.Debug|Any CPU.Build.0 = Debug|Any CPU
		{DD0F4702-EA6B-4E35-AC0A-16FE6E5A4D36}.Release|Any CPU.ActiveCfg = Release|Any CPU
		{DD0F4702-EA6B-4E35-AC0A-16FE6E5A4D36}.Release|Any CPU.Build.0 = Release|Any CPU
	EndGlobalSection
	GlobalSection(SolutionProperties) = preSolution
		HideSolutionNode = FALSE
	EndGlobalSection
EndGlobal
